// !$*UTF8*$!
{
	archiveVersion = 1;
	classes = {
	};
	objectVersion = 56;
	objects = {

/* Begin PBXBuildFile section */
		912121F329AC686E00F842BD /* Hai_JiranApp.swift in Sources */ = {isa = PBXBuildFile; fileRef = 912121F229AC686E00F842BD /* Hai_JiranApp.swift */; };
		912121F529AC686E00F842BD /* ContentView.swift in Sources */ = {isa = PBXBuildFile; fileRef = 912121F429AC686E00F842BD /* ContentView.swift */; };
		912121F729AC686E00F842BD /* Assets.xcassets in Resources */ = {isa = PBXBuildFile; fileRef = 912121F629AC686E00F842BD /* Assets.xcassets */; };
		912121FA29AC686E00F842BD /* Preview Assets.xcassets in Resources */ = {isa = PBXBuildFile; fileRef = 912121F929AC686E00F842BD /* Preview Assets.xcassets */; };
		9121220129AC915400F842BD /* HexColorView.swift in Sources */ = {isa = PBXBuildFile; fileRef = 9121220029AC915400F842BD /* HexColorView.swift */; };
		9121220329AC936000F842BD /* CircleImageView.swift in Sources */ = {isa = PBXBuildFile; fileRef = 9121220229AC936000F842BD /* CircleImageView.swift */; };
		91679B4929AE184800AAF8CB /* ChatRow.swift in Sources */ = {isa = PBXBuildFile; fileRef = 91679B4829AE184800AAF8CB /* ChatRow.swift */; };
		91679B4B29AE1F8100AAF8CB /* InfoListView.swift in Sources */ = {isa = PBXBuildFile; fileRef = 91679B4A29AE1F8100AAF8CB /* InfoListView.swift */; };
		91679B4D29AE3A8700AAF8CB /* SelectionPageController.swift in Sources */ = {isa = PBXBuildFile; fileRef = 91679B4C29AE3A8700AAF8CB /* SelectionPageController.swift */; };
		917CC7F629AF012B005A151C /* SlidingTabController.swift in Sources */ = {isa = PBXBuildFile; fileRef = 917CC7F529AF012B005A151C /* SlidingTabController.swift */; };
		917CC7F829AF01E6005A151C /* HomeView.swift in Sources */ = {isa = PBXBuildFile; fileRef = 917CC7F729AF01E6005A151C /* HomeView.swift */; };
		91BD36CD29AF2AE000266F13 /* MapView.swift in Sources */ = {isa = PBXBuildFile; fileRef = 91BD36CC29AF2AE000266F13 /* MapView.swift */; };
		91BD36D529AF86EB00266F13 /* AddInfoButton.swift in Sources */ = {isa = PBXBuildFile; fileRef = 91BD36D429AF86EB00266F13 /* AddInfoButton.swift */; };
		91D4B8DA29B18E14008BA8AB /* SOS_Button.swift in Sources */ = {isa = PBXBuildFile; fileRef = 91D4B8D829B18E14008BA8AB /* SOS_Button.swift */; };
		91D4B8DB29B18E14008BA8AB /* SOS_CallAll.swift in Sources */ = {isa = PBXBuildFile; fileRef = 91D4B8D929B18E14008BA8AB /* SOS_CallAll.swift */; };
		91D4B8DE29B1A4EA008BA8AB /* listOptionMyInfo.swift in Sources */ = {isa = PBXBuildFile; fileRef = 91D4B8DC29B1A4EA008BA8AB /* listOptionMyInfo.swift */; };
		91D4B8DF29B1A4EA008BA8AB /* listOptionWhatsNew.swift in Sources */ = {isa = PBXBuildFile; fileRef = 91D4B8DD29B1A4EA008BA8AB /* listOptionWhatsNew.swift */; };
		91D4B8E229B1D063008BA8AB /* json.swift in Sources */ = {isa = PBXBuildFile; fileRef = 91D4B8E129B1D063008BA8AB /* json.swift */; };
		91D4B8E929B1D284008BA8AB /* cameraApp.swift in Sources */ = {isa = PBXBuildFile; fileRef = 91D4B8E629B1D284008BA8AB /* cameraApp.swift */; };
		91D4B8EA29B1D284008BA8AB /* ImagePicker.swift in Sources */ = {isa = PBXBuildFile; fileRef = 91D4B8E729B1D284008BA8AB /* ImagePicker.swift */; };
		91FC9EAD29B04E8400EF2D31 /* UpdateProfileView.swift in Sources */ = {isa = PBXBuildFile; fileRef = 91FC9EAC29B04E8400EF2D31 /* UpdateProfileView.swift */; };
		91FC9EAF29B0756800EF2D31 /* AddInfoView.swift in Sources */ = {isa = PBXBuildFile; fileRef = 91FC9EAE29B0756800EF2D31 /* AddInfoView.swift */; };
		91FC9EB129B0787500EF2D31 /* UserModel.swift in Sources */ = {isa = PBXBuildFile; fileRef = 91FC9EB029B0787500EF2D31 /* UserModel.swift */; };
		91FC9EB329B0849000EF2D31 /* ServiceView.swift in Sources */ = {isa = PBXBuildFile; fileRef = 91FC9EB229B0849000EF2D31 /* ServiceView.swift */; };
/* End PBXBuildFile section */

/* Begin PBXFileReference section */
		912121EF29AC686E00F842BD /* Hai_Jiran.app */ = {isa = PBXFileReference; explicitFileType = wrapper.application; includeInIndex = 0; path = Hai_Jiran.app; sourceTree = BUILT_PRODUCTS_DIR; };
		912121F229AC686E00F842BD /* Hai_JiranApp.swift */ = {isa = PBXFileReference; lastKnownFileType = sourcecode.swift; path = Hai_JiranApp.swift; sourceTree = "<group>"; };
		912121F429AC686E00F842BD /* ContentView.swift */ = {isa = PBXFileReference; lastKnownFileType = sourcecode.swift; path = ContentView.swift; sourceTree = "<group>"; };
		912121F629AC686E00F842BD /* Assets.xcassets */ = {isa = PBXFileReference; lastKnownFileType = folder.assetcatalog; path = Assets.xcassets; sourceTree = "<group>"; };
		912121F929AC686E00F842BD /* Preview Assets.xcassets */ = {isa = PBXFileReference; lastKnownFileType = folder.assetcatalog; path = "Preview Assets.xcassets"; sourceTree = "<group>"; };
		9121220029AC915400F842BD /* HexColorView.swift */ = {isa = PBXFileReference; lastKnownFileType = sourcecode.swift; path = HexColorView.swift; sourceTree = "<group>"; };
		9121220229AC936000F842BD /* CircleImageView.swift */ = {isa = PBXFileReference; lastKnownFileType = sourcecode.swift; path = CircleImageView.swift; sourceTree = "<group>"; };
		91679B4829AE184800AAF8CB /* ChatRow.swift */ = {isa = PBXFileReference; lastKnownFileType = sourcecode.swift; path = ChatRow.swift; sourceTree = "<group>"; };
		91679B4A29AE1F8100AAF8CB /* InfoListView.swift */ = {isa = PBXFileReference; lastKnownFileType = sourcecode.swift; path = InfoListView.swift; sourceTree = "<group>"; };
		91679B4C29AE3A8700AAF8CB /* SelectionPageController.swift */ = {isa = PBXFileReference; lastKnownFileType = sourcecode.swift; path = SelectionPageController.swift; sourceTree = "<group>"; };
		917CC7F529AF012B005A151C /* SlidingTabController.swift */ = {isa = PBXFileReference; lastKnownFileType = sourcecode.swift; path = SlidingTabController.swift; sourceTree = "<group>"; };
		917CC7F729AF01E6005A151C /* HomeView.swift */ = {isa = PBXFileReference; lastKnownFileType = sourcecode.swift; path = HomeView.swift; sourceTree = "<group>"; };
		91BD36CC29AF2AE000266F13 /* MapView.swift */ = {isa = PBXFileReference; lastKnownFileType = sourcecode.swift; path = MapView.swift; sourceTree = "<group>"; };
		91BD36D429AF86EB00266F13 /* AddInfoButton.swift */ = {isa = PBXFileReference; lastKnownFileType = sourcecode.swift; path = AddInfoButton.swift; sourceTree = "<group>"; };
		91D4B8D829B18E14008BA8AB /* SOS_Button.swift */ = {isa = PBXFileReference; fileEncoding = 4; lastKnownFileType = sourcecode.swift; name = SOS_Button.swift; path = ../../../../../Downloads/SOS_Button.swift; sourceTree = "<group>"; };
		91D4B8D929B18E14008BA8AB /* SOS_CallAll.swift */ = {isa = PBXFileReference; fileEncoding = 4; lastKnownFileType = sourcecode.swift; name = SOS_CallAll.swift; path = ../../../../../Downloads/SOS_CallAll.swift; sourceTree = "<group>"; };
		91D4B8DC29B1A4EA008BA8AB /* listOptionMyInfo.swift */ = {isa = PBXFileReference; fileEncoding = 4; lastKnownFileType = sourcecode.swift; name = listOptionMyInfo.swift; path = ../../../../../Downloads/listOptionMyInfo.swift; sourceTree = "<group>"; };
		91D4B8DD29B1A4EA008BA8AB /* listOptionWhatsNew.swift */ = {isa = PBXFileReference; fileEncoding = 4; lastKnownFileType = sourcecode.swift; name = listOptionWhatsNew.swift; path = ../../../../../Downloads/listOptionWhatsNew.swift; sourceTree = "<group>"; };
		91D4B8E029B1CF9F008BA8AB /* Directions.geojson */ = {isa = PBXFileReference; lastKnownFileType = text; path = Directions.geojson; sourceTree = "<group>"; };
		91D4B8E129B1D063008BA8AB /* json.swift */ = {isa = PBXFileReference; lastKnownFileType = sourcecode.swift; path = json.swift; sourceTree = "<group>"; };
		91D4B8E629B1D284008BA8AB /* cameraApp.swift */ = {isa = PBXFileReference; fileEncoding = 4; lastKnownFileType = sourcecode.swift; name = cameraApp.swift; path = ../../../../../Downloads/cameraApp.swift; sourceTree = "<group>"; };
		91D4B8E729B1D284008BA8AB /* ImagePicker.swift */ = {isa = PBXFileReference; fileEncoding = 4; lastKnownFileType = sourcecode.swift; name = ImagePicker.swift; path = ../../../../../Downloads/ImagePicker.swift; sourceTree = "<group>"; };
		91FC9EAC29B04E8400EF2D31 /* UpdateProfileView.swift */ = {isa = PBXFileReference; lastKnownFileType = sourcecode.swift; path = UpdateProfileView.swift; sourceTree = "<group>"; };
		91FC9EAE29B0756800EF2D31 /* AddInfoView.swift */ = {isa = PBXFileReference; lastKnownFileType = sourcecode.swift; path = AddInfoView.swift; sourceTree = "<group>"; };
		91FC9EB029B0787500EF2D31 /* UserModel.swift */ = {isa = PBXFileReference; lastKnownFileType = sourcecode.swift; path = UserModel.swift; sourceTree = "<group>"; };
		91FC9EB229B0849000EF2D31 /* ServiceView.swift */ = {isa = PBXFileReference; lastKnownFileType = sourcecode.swift; path = ServiceView.swift; sourceTree = "<group>"; };
/* End PBXFileReference section */

/* Begin PBXFrameworksBuildPhase section */
		912121EC29AC686E00F842BD /* Frameworks */ = {
			isa = PBXFrameworksBuildPhase;
			buildActionMask = 2147483647;
			files = (
			);
			runOnlyForDeploymentPostprocessing = 0;
		};
/* End PBXFrameworksBuildPhase section */

/* Begin PBXGroup section */
		912121E629AC686E00F842BD = {
			isa = PBXGroup;
			children = (
				912121F129AC686E00F842BD /* Hai_Jiran */,
				912121F029AC686E00F842BD /* Products */,
			);
			sourceTree = "<group>";
		};
		912121F029AC686E00F842BD /* Products */ = {
			isa = PBXGroup;
			children = (
				912121EF29AC686E00F842BD /* Hai_Jiran.app */,
			);
			name = Products;
			sourceTree = "<group>";
		};
		912121F129AC686E00F842BD /* Hai_Jiran */ = {
			isa = PBXGroup;
			children = (
				912121F229AC686E00F842BD /* Hai_JiranApp.swift */,
				91BD36D229AF82C000266F13 /* Controller */,
				91BD36D029AF827900266F13 /* Model */,
				91BD36D129AF828200266F13 /* View */,
				912121F629AC686E00F842BD /* Assets.xcassets */,
				912121F829AC686E00F842BD /* Preview Content */,
			);
			path = Hai_Jiran;
			sourceTree = "<group>";
		};
		912121F829AC686E00F842BD /* Preview Content */ = {
			isa = PBXGroup;
			children = (
				912121F929AC686E00F842BD /* Preview Assets.xcassets */,
			);
			path = "Preview Content";
			sourceTree = "<group>";
		};
		91BD36D029AF827900266F13 /* Model */ = {
			isa = PBXGroup;
			children = (
				91D4B8E029B1CF9F008BA8AB /* Directions.geojson */,
				91FC9EB029B0787500EF2D31 /* UserModel.swift */,
				91D4B8E129B1D063008BA8AB /* json.swift */,
			);
			path = Model;
			sourceTree = "<group>";
		};
		91BD36D129AF828200266F13 /* View */ = {
			isa = PBXGroup;
			children = (
				91BD36D329AF86BE00266F13 /* Home */,
				9121220229AC936000F842BD /* CircleImageView.swift */,
				91BD36CC29AF2AE000266F13 /* MapView.swift */,
				91D4B8D829B18E14008BA8AB /* SOS_Button.swift */,
				91D4B8DC29B1A4EA008BA8AB /* listOptionMyInfo.swift */,
				91D4B8DD29B1A4EA008BA8AB /* listOptionWhatsNew.swift */,
				91D4B8D929B18E14008BA8AB /* SOS_CallAll.swift */,
				91D4B8E629B1D284008BA8AB /* cameraApp.swift */,
				91D4B8E729B1D284008BA8AB /* ImagePicker.swift */,
				912121F429AC686E00F842BD /* ContentView.swift */,
				91679B4829AE184800AAF8CB /* ChatRow.swift */,
				9121220029AC915400F842BD /* HexColorView.swift */,
				91FC9EB229B0849000EF2D31 /* ServiceView.swift */,
			);
			path = View;
			sourceTree = "<group>";
		};
		91BD36D229AF82C000266F13 /* Controller */ = {
			isa = PBXGroup;
			children = (
				91679B4C29AE3A8700AAF8CB /* SelectionPageController.swift */,
				917CC7F529AF012B005A151C /* SlidingTabController.swift */,
			);
			path = Controller;
			sourceTree = "<group>";
		};
		91BD36D329AF86BE00266F13 /* Home */ = {
			isa = PBXGroup;
			children = (
				91BD36D629AF872100266F13 /* Info */,
				917CC7F729AF01E6005A151C /* HomeView.swift */,
				91BD36D429AF86EB00266F13 /* AddInfoButton.swift */,
			);
			path = Home;
			sourceTree = "<group>";
		};
		91BD36D629AF872100266F13 /* Info */ = {
			isa = PBXGroup;
			children = (
				91679B4A29AE1F8100AAF8CB /* InfoListView.swift */,
				91FC9EAC29B04E8400EF2D31 /* UpdateProfileView.swift */,
				91FC9EAE29B0756800EF2D31 /* AddInfoView.swift */,
			);
			path = Info;
			sourceTree = "<group>";
		};
/* End PBXGroup section */

/* Begin PBXNativeTarget section */
		912121EE29AC686E00F842BD /* Hai_Jiran */ = {
			isa = PBXNativeTarget;
			buildConfigurationList = 912121FD29AC686E00F842BD /* Build configuration list for PBXNativeTarget "Hai_Jiran" */;
			buildPhases = (
				912121EB29AC686E00F842BD /* Sources */,
				912121EC29AC686E00F842BD /* Frameworks */,
				912121ED29AC686E00F842BD /* Resources */,
			);
			buildRules = (
			);
			dependencies = (
			);
			name = Hai_Jiran;
			productName = Hai_Jiran;
			productReference = 912121EF29AC686E00F842BD /* Hai_Jiran.app */;
			productType = "com.apple.product-type.application";
		};
/* End PBXNativeTarget section */

/* Begin PBXProject section */
		912121E729AC686E00F842BD /* Project object */ = {
			isa = PBXProject;
			attributes = {
				BuildIndependentTargetsInParallel = 1;
				LastSwiftUpdateCheck = 1420;
				LastUpgradeCheck = 1420;
				TargetAttributes = {
					912121EE29AC686E00F842BD = {
						CreatedOnToolsVersion = 14.2;
					};
				};
			};
			buildConfigurationList = 912121EA29AC686E00F842BD /* Build configuration list for PBXProject "Hai_Jiran" */;
			compatibilityVersion = "Xcode 14.0";
			developmentRegion = en;
			hasScannedForEncodings = 0;
			knownRegions = (
				en,
				Base,
			);
			mainGroup = 912121E629AC686E00F842BD;
			productRefGroup = 912121F029AC686E00F842BD /* Products */;
			projectDirPath = "";
			projectRoot = "";
			targets = (
				912121EE29AC686E00F842BD /* Hai_Jiran */,
			);
		};
/* End PBXProject section */

/* Begin PBXResourcesBuildPhase section */
		912121ED29AC686E00F842BD /* Resources */ = {
			isa = PBXResourcesBuildPhase;
			buildActionMask = 2147483647;
			files = (
				912121FA29AC686E00F842BD /* Preview Assets.xcassets in Resources */,
				912121F729AC686E00F842BD /* Assets.xcassets in Resources */,
			);
			runOnlyForDeploymentPostprocessing = 0;
		};
/* End PBXResourcesBuildPhase section */

/* Begin PBXSourcesBuildPhase section */
		912121EB29AC686E00F842BD /* Sources */ = {
			isa = PBXSourcesBuildPhase;
			buildActionMask = 2147483647;
			files = (
				91FC9EAF29B0756800EF2D31 /* AddInfoView.swift in Sources */,
				917CC7F829AF01E6005A151C /* HomeView.swift in Sources */,
				912121F529AC686E00F842BD /* ContentView.swift in Sources */,
				917CC7F629AF012B005A151C /* SlidingTabController.swift in Sources */,
				9121220329AC936000F842BD /* CircleImageView.swift in Sources */,
				91679B4D29AE3A8700AAF8CB /* SelectionPageController.swift in Sources */,
				91D4B8DB29B18E14008BA8AB /* SOS_CallAll.swift in Sources */,
				91D4B8E229B1D063008BA8AB /* json.swift in Sources */,
				91FC9EAD29B04E8400EF2D31 /* UpdateProfileView.swift in Sources */,
				91D4B8DF29B1A4EA008BA8AB /* listOptionWhatsNew.swift in Sources */,
				91BD36D529AF86EB00266F13 /* AddInfoButton.swift in Sources */,
				91FC9EB129B0787500EF2D31 /* UserModel.swift in Sources */,
				91D4B8E929B1D284008BA8AB /* cameraApp.swift in Sources */,
				91679B4B29AE1F8100AAF8CB /* InfoListView.swift in Sources */,
				91FC9EB329B0849000EF2D31 /* ServiceView.swift in Sources */,
				91D4B8DA29B18E14008BA8AB /* SOS_Button.swift in Sources */,
				912121F329AC686E00F842BD /* Hai_JiranApp.swift in Sources */,
				91BD36CD29AF2AE000266F13 /* MapView.swift in Sources */,
				91679B4929AE184800AAF8CB /* ChatRow.swift in Sources */,
				91D4B8EA29B1D284008BA8AB /* ImagePicker.swift in Sources */,
				91D4B8DE29B1A4EA008BA8AB /* listOptionMyInfo.swift in Sources */,
				9121220129AC915400F842BD /* HexColorView.swift in Sources */,
			);
			runOnlyForDeploymentPostprocessing = 0;
		};
/* End PBXSourcesBuildPhase section */

/* Begin XCBuildConfiguration section */
		912121FB29AC686E00F842BD /* Debug */ = {
			isa = XCBuildConfiguration;
			buildSettings = {
				ALWAYS_SEARCH_USER_PATHS = NO;
				CLANG_ANALYZER_NONNULL = YES;
				CLANG_ANALYZER_NUMBER_OBJECT_CONVERSION = YES_AGGRESSIVE;
				CLANG_CXX_LANGUAGE_STANDARD = "gnu++20";
				CLANG_ENABLE_MODULES = YES;
				CLANG_ENABLE_OBJC_ARC = YES;
				CLANG_ENABLE_OBJC_WEAK = YES;
				CLANG_WARN_BLOCK_CAPTURE_AUTORELEASING = YES;
				CLANG_WARN_BOOL_CONVERSION = YES;
				CLANG_WARN_COMMA = YES;
				CLANG_WARN_CONSTANT_CONVERSION = YES;
				CLANG_WARN_DEPRECATED_OBJC_IMPLEMENTATIONS = YES;
				CLANG_WARN_DIRECT_OBJC_ISA_USAGE = YES_ERROR;
				CLANG_WARN_DOCUMENTATION_COMMENTS = YES;
				CLANG_WARN_EMPTY_BODY = YES;
				CLANG_WARN_ENUM_CONVERSION = YES;
				CLANG_WARN_INFINITE_RECURSION = YES;
				CLANG_WARN_INT_CONVERSION = YES;
				CLANG_WARN_NON_LITERAL_NULL_CONVERSION = YES;
				CLANG_WARN_OBJC_IMPLICIT_RETAIN_SELF = YES;
				CLANG_WARN_OBJC_LITERAL_CONVERSION = YES;
				CLANG_WARN_OBJC_ROOT_CLASS = YES_ERROR;
				CLANG_WARN_QUOTED_INCLUDE_IN_FRAMEWORK_HEADER = YES;
				CLANG_WARN_RANGE_LOOP_ANALYSIS = YES;
				CLANG_WARN_STRICT_PROTOTYPES = YES;
				CLANG_WARN_SUSPICIOUS_MOVE = YES;
				CLANG_WARN_UNGUARDED_AVAILABILITY = YES_AGGRESSIVE;
				CLANG_WARN_UNREACHABLE_CODE = YES;
				CLANG_WARN__DUPLICATE_METHOD_MATCH = YES;
				COPY_PHASE_STRIP = NO;
				DEBUG_INFORMATION_FORMAT = dwarf;
				ENABLE_STRICT_OBJC_MSGSEND = YES;
				ENABLE_TESTABILITY = YES;
				GCC_C_LANGUAGE_STANDARD = gnu11;
				GCC_DYNAMIC_NO_PIC = NO;
				GCC_NO_COMMON_BLOCKS = YES;
				GCC_OPTIMIZATION_LEVEL = 0;
				GCC_PREPROCESSOR_DEFINITIONS = (
					"DEBUG=1",
					"$(inherited)",
				);
				GCC_WARN_64_TO_32_BIT_CONVERSION = YES;
				GCC_WARN_ABOUT_RETURN_TYPE = YES_ERROR;
				GCC_WARN_UNDECLARED_SELECTOR = YES;
				GCC_WARN_UNINITIALIZED_AUTOS = YES_AGGRESSIVE;
				GCC_WARN_UNUSED_FUNCTION = YES;
				GCC_WARN_UNUSED_VARIABLE = YES;
				IPHONEOS_DEPLOYMENT_TARGET = 16.2;
				MTL_ENABLE_DEBUG_INFO = INCLUDE_SOURCE;
				MTL_FAST_MATH = YES;
				ONLY_ACTIVE_ARCH = YES;
				SDKROOT = iphoneos;
				SWIFT_ACTIVE_COMPILATION_CONDITIONS = DEBUG;
				SWIFT_OPTIMIZATION_LEVEL = "-Onone";
			};
			name = Debug;
		};
		912121FC29AC686E00F842BD /* Release */ = {
			isa = XCBuildConfiguration;
			buildSettings = {
				ALWAYS_SEARCH_USER_PATHS = NO;
				CLANG_ANALYZER_NONNULL = YES;
				CLANG_ANALYZER_NUMBER_OBJECT_CONVERSION = YES_AGGRESSIVE;
				CLANG_CXX_LANGUAGE_STANDARD = "gnu++20";
				CLANG_ENABLE_MODULES = YES;
				CLANG_ENABLE_OBJC_ARC = YES;
				CLANG_ENABLE_OBJC_WEAK = YES;
				CLANG_WARN_BLOCK_CAPTURE_AUTORELEASING = YES;
				CLANG_WARN_BOOL_CONVERSION = YES;
				CLANG_WARN_COMMA = YES;
				CLANG_WARN_CONSTANT_CONVERSION = YES;
				CLANG_WARN_DEPRECATED_OBJC_IMPLEMENTATIONS = YES;
				CLANG_WARN_DIRECT_OBJC_ISA_USAGE = YES_ERROR;
				CLANG_WARN_DOCUMENTATION_COMMENTS = YES;
				CLANG_WARN_EMPTY_BODY = YES;
				CLANG_WARN_ENUM_CONVERSION = YES;
				CLANG_WARN_INFINITE_RECURSION = YES;
				CLANG_WARN_INT_CONVERSION = YES;
				CLANG_WARN_NON_LITERAL_NULL_CONVERSION = YES;
				CLANG_WARN_OBJC_IMPLICIT_RETAIN_SELF = YES;
				CLANG_WARN_OBJC_LITERAL_CONVERSION = YES;
				CLANG_WARN_OBJC_ROOT_CLASS = YES_ERROR;
				CLANG_WARN_QUOTED_INCLUDE_IN_FRAMEWORK_HEADER = YES;
				CLANG_WARN_RANGE_LOOP_ANALYSIS = YES;
				CLANG_WARN_STRICT_PROTOTYPES = YES;
				CLANG_WARN_SUSPICIOUS_MOVE = YES;
				CLANG_WARN_UNGUARDED_AVAILABILITY = YES_AGGRESSIVE;
				CLANG_WARN_UNREACHABLE_CODE = YES;
				CLANG_WARN__DUPLICATE_METHOD_MATCH = YES;
				COPY_PHASE_STRIP = NO;
				DEBUG_INFORMATION_FORMAT = "dwarf-with-dsym";
				ENABLE_NS_ASSERTIONS = NO;
				ENABLE_STRICT_OBJC_MSGSEND = YES;
				GCC_C_LANGUAGE_STANDARD = gnu11;
				GCC_NO_COMMON_BLOCKS = YES;
				GCC_WARN_64_TO_32_BIT_CONVERSION = YES;
				GCC_WARN_ABOUT_RETURN_TYPE = YES_ERROR;
				GCC_WARN_UNDECLARED_SELECTOR = YES;
				GCC_WARN_UNINITIALIZED_AUTOS = YES_AGGRESSIVE;
				GCC_WARN_UNUSED_FUNCTION = YES;
				GCC_WARN_UNUSED_VARIABLE = YES;
				IPHONEOS_DEPLOYMENT_TARGET = 16.2;
				MTL_ENABLE_DEBUG_INFO = NO;
				MTL_FAST_MATH = YES;
				SDKROOT = iphoneos;
				SWIFT_COMPILATION_MODE = wholemodule;
				SWIFT_OPTIMIZATION_LEVEL = "-O";
				VALIDATE_PRODUCT = YES;
			};
			name = Release;
		};
		912121FE29AC686E00F842BD /* Debug */ = {
			isa = XCBuildConfiguration;
			buildSettings = {
				ASSETCATALOG_COMPILER_APPICON_NAME = AppIcon;
				ASSETCATALOG_COMPILER_GLOBAL_ACCENT_COLOR_NAME = AccentColor;
				CODE_SIGN_STYLE = Automatic;
				CURRENT_PROJECT_VERSION = 2.2;
				DEVELOPMENT_ASSET_PATHS = "\"Hai_Jiran/Preview Content\"";
				ENABLE_PREVIEWS = YES;
				GENERATE_INFOPLIST_FILE = YES;
				INFOPLIST_KEY_UIApplicationSceneManifest_Generation = YES;
				INFOPLIST_KEY_UIApplicationSupportsIndirectInputEvents = YES;
				INFOPLIST_KEY_UILaunchScreen_Generation = YES;
				INFOPLIST_KEY_UISupportedInterfaceOrientations_iPad = "UIInterfaceOrientationPortrait UIInterfaceOrientationPortraitUpsideDown UIInterfaceOrientationLandscapeLeft UIInterfaceOrientationLandscapeRight";
				INFOPLIST_KEY_UISupportedInterfaceOrientations_iPhone = "UIInterfaceOrientationPortrait UIInterfaceOrientationLandscapeLeft UIInterfaceOrientationLandscapeRight";
				LD_RUNPATH_SEARCH_PATHS = (
					"$(inherited)",
					"@executable_path/Frameworks",
				);
				MARKETING_VERSION = 2.2;
				PRODUCT_BUNDLE_IDENTIFIER = "com.Hi5.Hai-Jiran";
				PRODUCT_NAME = "$(TARGET_NAME)";
				SWIFT_EMIT_LOC_STRINGS = YES;
				SWIFT_VERSION = 5.0;
				TARGETED_DEVICE_FAMILY = "1,2";
			};
			name = Debug;
		};
		912121FF29AC686E00F842BD /* Release */ = {
			isa = XCBuildConfiguration;
			buildSettings = {
				ASSETCATALOG_COMPILER_APPICON_NAME = AppIcon;
				ASSETCATALOG_COMPILER_GLOBAL_ACCENT_COLOR_NAME = AccentColor;
				CODE_SIGN_STYLE = Automatic;
				CURRENT_PROJECT_VERSION = 2.2;
				DEVELOPMENT_ASSET_PATHS = "\"Hai_Jiran/Preview Content\"";
				ENABLE_PREVIEWS = YES;
				GENERATE_INFOPLIST_FILE = YES;
				INFOPLIST_KEY_UIApplicationSceneManifest_Generation = YES;
				INFOPLIST_KEY_UIApplicationSupportsIndirectInputEvents = YES;
				INFOPLIST_KEY_UILaunchScreen_Generation = YES;
				INFOPLIST_KEY_UISupportedInterfaceOrientations_iPad = "UIInterfaceOrientationPortrait UIInterfaceOrientationPortraitUpsideDown UIInterfaceOrientationLandscapeLeft UIInterfaceOrientationLandscapeRight";
				INFOPLIST_KEY_UISupportedInterfaceOrientations_iPhone = "UIInterfaceOrientationPortrait UIInterfaceOrientationLandscapeLeft UIInterfaceOrientationLandscapeRight";
				LD_RUNPATH_SEARCH_PATHS = (
					"$(inherited)",
					"@executable_path/Frameworks",
				);
				MARKETING_VERSION = 2.2;
				PRODUCT_BUNDLE_IDENTIFIER = "com.Hi5.Hai-Jiran";
				PRODUCT_NAME = "$(TARGET_NAME)";
				SWIFT_EMIT_LOC_STRINGS = YES;
				SWIFT_VERSION = 5.0;
				TARGETED_DEVICE_FAMILY = "1,2";
			};
			name = Release;
		};
/* End XCBuildConfiguration section */

/* Begin XCConfigurationList section */
		912121EA29AC686E00F842BD /* Build configuration list for PBXProject "Hai_Jiran" */ = {
			isa = XCConfigurationList;
			buildConfigurations = (
				912121FB29AC686E00F842BD /* Debug */,
				912121FC29AC686E00F842BD /* Release */,
			);
			defaultConfigurationIsVisible = 0;
			defaultConfigurationName = Release;
		};
		912121FD29AC686E00F842BD /* Build configuration list for PBXNativeTarget "Hai_Jiran" */ = {
			isa = XCConfigurationList;
			buildConfigurations = (
				912121FE29AC686E00F842BD /* Debug */,
				912121FF29AC686E00F842BD /* Release */,
			);
			defaultConfigurationIsVisible = 0;
			defaultConfigurationName = Release;
		};
/* End XCConfigurationList section */
	};
	rootObject = 912121E729AC686E00F842BD /* Project object */;
}
