// !$*UTF8*$!
{
	archiveVersion = 1;
	classes = {
	};
	objectVersion = 56;
	objects = {

/* Begin PBXBuildFile section */
		911F912629B636150014DC59 /* ShowInfoView.swift in Sources */ = {isa = PBXBuildFile; fileRef = 911F912529B636150014DC59 /* ShowInfoView.swift */; };
		912121F329AC686E00F842BD /* Hai_JiranApp.swift in Sources */ = {isa = PBXBuildFile; fileRef = 912121F229AC686E00F842BD /* Hai_JiranApp.swift */; };
		912121F529AC686E00F842BD /* ContentView.swift in Sources */ = {isa = PBXBuildFile; fileRef = 912121F429AC686E00F842BD /* ContentView.swift */; };
		912121F729AC686E00F842BD /* Assets.xcassets in Resources */ = {isa = PBXBuildFile; fileRef = 912121F629AC686E00F842BD /* Assets.xcassets */; };
		912121FA29AC686E00F842BD /* Preview Assets.xcassets in Resources */ = {isa = PBXBuildFile; fileRef = 912121F929AC686E00F842BD /* Preview Assets.xcassets */; };
		9121220329AC936000F842BD /* CircleImageView.swift in Sources */ = {isa = PBXBuildFile; fileRef = 9121220229AC936000F842BD /* CircleImageView.swift */; };
		91679B4929AE184800AAF8CB /* ChatRow.swift in Sources */ = {isa = PBXBuildFile; fileRef = 91679B4829AE184800AAF8CB /* ChatRow.swift */; };
		91679B4B29AE1F8100AAF8CB /* InfoListView.swift in Sources */ = {isa = PBXBuildFile; fileRef = 91679B4A29AE1F8100AAF8CB /* InfoListView.swift */; };
		91679B4D29AE3A8700AAF8CB /* SelectionPageController.swift in Sources */ = {isa = PBXBuildFile; fileRef = 91679B4C29AE3A8700AAF8CB /* SelectionPageController.swift */; };
		916FFF4429B314D300E85D02 /* SplashScreenView.swift in Sources */ = {isa = PBXBuildFile; fileRef = 916FFF4329B314D300E85D02 /* SplashScreenView.swift */; };
		916FFF4629B3162B00E85D02 /* LoginView.swift in Sources */ = {isa = PBXBuildFile; fileRef = 916FFF4529B3162B00E85D02 /* LoginView.swift */; };
		917CC7F629AF012B005A151C /* SlidingTabController.swift in Sources */ = {isa = PBXBuildFile; fileRef = 917CC7F529AF012B005A151C /* SlidingTabController.swift */; };
		917CC7F829AF01E6005A151C /* HomeView.swift in Sources */ = {isa = PBXBuildFile; fileRef = 917CC7F729AF01E6005A151C /* HomeView.swift */; };
		9184533729B1E0C200C9D415 /* MakeCallView.swift in Sources */ = {isa = PBXBuildFile; fileRef = 9184533629B1E0C200C9D415 /* MakeCallView.swift */; };
		9184533929B1E0F200C9D415 /* listOptionMyInfo.swift in Sources */ = {isa = PBXBuildFile; fileRef = 9184533829B1E0F200C9D415 /* listOptionMyInfo.swift */; };
		9184533B29B1E11C00C9D415 /* listOptionWhatsNew.swift in Sources */ = {isa = PBXBuildFile; fileRef = 9184533A29B1E11C00C9D415 /* listOptionWhatsNew.swift */; };
		9184533F29B1E16100C9D415 /* cameraApp.swift in Sources */ = {isa = PBXBuildFile; fileRef = 9184533E29B1E16100C9D415 /* cameraApp.swift */; };
		9184534129B1E18100C9D415 /* imagePicker.swift in Sources */ = {isa = PBXBuildFile; fileRef = 9184534029B1E18100C9D415 /* imagePicker.swift */; };
		919AC14229B4D673000290D1 /* EnvironmentModel.swift in Sources */ = {isa = PBXBuildFile; fileRef = 919AC14129B4D673000290D1 /* EnvironmentModel.swift */; };
		919DAE8B29B3012F004C3DED /* AddInfoView.swift in Sources */ = {isa = PBXBuildFile; fileRef = 919DAE8A29B3012F004C3DED /* AddInfoView.swift */; };
		919F77ED29B6D04F002D6889 /* UtilitiesView.swift in Sources */ = {isa = PBXBuildFile; fileRef = 919F77EC29B6D04F002D6889 /* UtilitiesView.swift */; };
		919F77F129B6D067002D6889 /* model+SampleData.swift in Sources */ = {isa = PBXBuildFile; fileRef = 919F77EE29B6D067002D6889 /* model+SampleData.swift */; };
		919F77F229B6D067002D6889 /* residentDetailView.swift in Sources */ = {isa = PBXBuildFile; fileRef = 919F77EF29B6D067002D6889 /* residentDetailView.swift */; };
		919F77F329B6D067002D6889 /* aboutResidentView.swift in Sources */ = {isa = PBXBuildFile; fileRef = 919F77F029B6D067002D6889 /* aboutResidentView.swift */; };
		91B95D8D29B301CF0014D585 /* EditInfoView.swift in Sources */ = {isa = PBXBuildFile; fileRef = 91B95D8C29B301CF0014D585 /* EditInfoView.swift */; };
		91BD36CD29AF2AE000266F13 /* MapView.swift in Sources */ = {isa = PBXBuildFile; fileRef = 91BD36CC29AF2AE000266F13 /* MapView.swift */; };
		91BD36D529AF86EB00266F13 /* AddInfoButton.swift in Sources */ = {isa = PBXBuildFile; fileRef = 91BD36D429AF86EB00266F13 /* AddInfoButton.swift */; };
		91C0D66F29B221C800684B97 /* ServiceRow.swift in Sources */ = {isa = PBXBuildFile; fileRef = 91C0D66E29B221C800684B97 /* ServiceRow.swift */; };
		91C0D67129B221E100684B97 /* ServicesView.swift in Sources */ = {isa = PBXBuildFile; fileRef = 91C0D67029B221E100684B97 /* ServicesView.swift */; };
		91CCD94D29B6CAB600B9C5B1 /* SOSCallView.swift in Sources */ = {isa = PBXBuildFile; fileRef = 91CCD94C29B6CAB600B9C5B1 /* SOSCallView.swift */; };
		91CEE45A29B3AAD000506BEE /* Info in Resources */ = {isa = PBXBuildFile; fileRef = 91CEE45929B3AAD000506BEE /* Info */; };
		91E6FF7B29B26313008CEAEB /* TODO in Resources */ = {isa = PBXBuildFile; fileRef = 91E6FF7A29B26313008CEAEB /* TODO */; };
		91FC9EAD29B04E8400EF2D31 /* UpdateProfileView.swift in Sources */ = {isa = PBXBuildFile; fileRef = 91FC9EAC29B04E8400EF2D31 /* UpdateProfileView.swift */; };
		91FC9EB129B0787500EF2D31 /* DataModel.swift in Sources */ = {isa = PBXBuildFile; fileRef = 91FC9EB029B0787500EF2D31 /* DataModel.swift */; };
/* End PBXBuildFile section */

/* Begin PBXFileReference section */
		911F912529B636150014DC59 /* ShowInfoView.swift */ = {isa = PBXFileReference; lastKnownFileType = sourcecode.swift; path = ShowInfoView.swift; sourceTree = "<group>"; };
		912121EF29AC686E00F842BD /* Hai_Jiran.app */ = {isa = PBXFileReference; explicitFileType = wrapper.application; includeInIndex = 0; path = Hai_Jiran.app; sourceTree = BUILT_PRODUCTS_DIR; };
		912121F229AC686E00F842BD /* Hai_JiranApp.swift */ = {isa = PBXFileReference; lastKnownFileType = sourcecode.swift; path = Hai_JiranApp.swift; sourceTree = "<group>"; };
		912121F429AC686E00F842BD /* ContentView.swift */ = {isa = PBXFileReference; lastKnownFileType = sourcecode.swift; path = ContentView.swift; sourceTree = "<group>"; };
		912121F629AC686E00F842BD /* Assets.xcassets */ = {isa = PBXFileReference; lastKnownFileType = folder.assetcatalog; path = Assets.xcassets; sourceTree = "<group>"; };
		912121F929AC686E00F842BD /* Preview Assets.xcassets */ = {isa = PBXFileReference; lastKnownFileType = folder.assetcatalog; path = "Preview Assets.xcassets"; sourceTree = "<group>"; };
		9121220229AC936000F842BD /* CircleImageView.swift */ = {isa = PBXFileReference; lastKnownFileType = sourcecode.swift; path = CircleImageView.swift; sourceTree = "<group>"; };
		91679B4829AE184800AAF8CB /* ChatRow.swift */ = {isa = PBXFileReference; lastKnownFileType = sourcecode.swift; path = ChatRow.swift; sourceTree = "<group>"; };
		91679B4A29AE1F8100AAF8CB /* InfoListView.swift */ = {isa = PBXFileReference; lastKnownFileType = sourcecode.swift; path = InfoListView.swift; sourceTree = "<group>"; };
		91679B4C29AE3A8700AAF8CB /* SelectionPageController.swift */ = {isa = PBXFileReference; lastKnownFileType = sourcecode.swift; path = SelectionPageController.swift; sourceTree = "<group>"; };
		916FFF4329B314D300E85D02 /* SplashScreenView.swift */ = {isa = PBXFileReference; fileEncoding = 4; lastKnownFileType = sourcecode.swift; path = SplashScreenView.swift; sourceTree = "<group>"; };
		916FFF4529B3162B00E85D02 /* LoginView.swift */ = {isa = PBXFileReference; lastKnownFileType = sourcecode.swift; path = LoginView.swift; sourceTree = "<group>"; };
		917CC7F529AF012B005A151C /* SlidingTabController.swift */ = {isa = PBXFileReference; lastKnownFileType = sourcecode.swift; path = SlidingTabController.swift; sourceTree = "<group>"; };
		917CC7F729AF01E6005A151C /* HomeView.swift */ = {isa = PBXFileReference; lastKnownFileType = sourcecode.swift; path = HomeView.swift; sourceTree = "<group>"; };
		9184533629B1E0C200C9D415 /* MakeCallView.swift */ = {isa = PBXFileReference; lastKnownFileType = sourcecode.swift; path = MakeCallView.swift; sourceTree = "<group>"; };
		9184533829B1E0F200C9D415 /* listOptionMyInfo.swift */ = {isa = PBXFileReference; lastKnownFileType = sourcecode.swift; path = listOptionMyInfo.swift; sourceTree = "<group>"; };
		9184533A29B1E11C00C9D415 /* listOptionWhatsNew.swift */ = {isa = PBXFileReference; lastKnownFileType = sourcecode.swift; path = listOptionWhatsNew.swift; sourceTree = "<group>"; };
		9184533E29B1E16100C9D415 /* cameraApp.swift */ = {isa = PBXFileReference; lastKnownFileType = sourcecode.swift; path = cameraApp.swift; sourceTree = "<group>"; };
		9184534029B1E18100C9D415 /* imagePicker.swift */ = {isa = PBXFileReference; lastKnownFileType = sourcecode.swift; path = imagePicker.swift; sourceTree = "<group>"; };
		919AC14129B4D673000290D1 /* EnvironmentModel.swift */ = {isa = PBXFileReference; lastKnownFileType = sourcecode.swift; path = EnvironmentModel.swift; sourceTree = "<group>"; };
		919DAE8A29B3012F004C3DED /* AddInfoView.swift */ = {isa = PBXFileReference; fileEncoding = 4; lastKnownFileType = sourcecode.swift; path = AddInfoView.swift; sourceTree = "<group>"; };
		919F77EC29B6D04F002D6889 /* UtilitiesView.swift */ = {isa = PBXFileReference; fileEncoding = 4; lastKnownFileType = sourcecode.swift; path = UtilitiesView.swift; sourceTree = "<group>"; };
		919F77EE29B6D067002D6889 /* model+SampleData.swift */ = {isa = PBXFileReference; fileEncoding = 4; lastKnownFileType = sourcecode.swift; path = "model+SampleData.swift"; sourceTree = "<group>"; };
		919F77EF29B6D067002D6889 /* residentDetailView.swift */ = {isa = PBXFileReference; fileEncoding = 4; lastKnownFileType = sourcecode.swift; path = residentDetailView.swift; sourceTree = "<group>"; };
		919F77F029B6D067002D6889 /* aboutResidentView.swift */ = {isa = PBXFileReference; fileEncoding = 4; lastKnownFileType = sourcecode.swift; path = aboutResidentView.swift; sourceTree = "<group>"; };
		91B95D8C29B301CF0014D585 /* EditInfoView.swift */ = {isa = PBXFileReference; lastKnownFileType = sourcecode.swift; path = EditInfoView.swift; sourceTree = "<group>"; };
		91BD36CC29AF2AE000266F13 /* MapView.swift */ = {isa = PBXFileReference; lastKnownFileType = sourcecode.swift; path = MapView.swift; sourceTree = "<group>"; };
		91BD36D429AF86EB00266F13 /* AddInfoButton.swift */ = {isa = PBXFileReference; lastKnownFileType = sourcecode.swift; path = AddInfoButton.swift; sourceTree = "<group>"; };
		91C0D66E29B221C800684B97 /* ServiceRow.swift */ = {isa = PBXFileReference; lastKnownFileType = sourcecode.swift; path = ServiceRow.swift; sourceTree = "<group>"; };
		91C0D67029B221E100684B97 /* ServicesView.swift */ = {isa = PBXFileReference; lastKnownFileType = sourcecode.swift; path = ServicesView.swift; sourceTree = "<group>"; };
		91CCD94C29B6CAB600B9C5B1 /* SOSCallView.swift */ = {isa = PBXFileReference; lastKnownFileType = sourcecode.swift; path = SOSCallView.swift; sourceTree = "<group>"; };
		91CEE45929B3AAD000506BEE /* Info */ = {isa = PBXFileReference; lastKnownFileType = text.xml; path = Info; sourceTree = "<group>"; };
		91D4B8E029B1CF9F008BA8AB /* Directions.geojson */ = {isa = PBXFileReference; lastKnownFileType = text; path = Directions.geojson; sourceTree = "<group>"; };
		91E6FF7A29B26313008CEAEB /* TODO */ = {isa = PBXFileReference; lastKnownFileType = text; path = TODO; sourceTree = "<group>"; };
		91FC9EAC29B04E8400EF2D31 /* UpdateProfileView.swift */ = {isa = PBXFileReference; lastKnownFileType = sourcecode.swift; path = UpdateProfileView.swift; sourceTree = "<group>"; };
		91FC9EB029B0787500EF2D31 /* DataModel.swift */ = {isa = PBXFileReference; lastKnownFileType = sourcecode.swift; path = DataModel.swift; sourceTree = "<group>"; };
/* End PBXFileReference section */

/* Begin PBXFrameworksBuildPhase section */
		912121EC29AC686E00F842BD /* Frameworks */ = {
			isa = PBXFrameworksBuildPhase;
			buildActionMask = 2147483647;
			files = (
			);
			runOnlyForDeploymentPostprocessing = 0;
		};
/* End PBXFrameworksBuildPhase section */

/* Begin PBXGroup section */
		912121E629AC686E00F842BD = {
			isa = PBXGroup;
			children = (
				912121F129AC686E00F842BD /* Hai_Jiran */,
				912121F029AC686E00F842BD /* Products */,
			);
			sourceTree = "<group>";
		};
		912121F029AC686E00F842BD /* Products */ = {
			isa = PBXGroup;
			children = (
				912121EF29AC686E00F842BD /* Hai_Jiran.app */,
			);
			name = Products;
			sourceTree = "<group>";
		};
		912121F129AC686E00F842BD /* Hai_Jiran */ = {
			isa = PBXGroup;
			children = (
				912121F229AC686E00F842BD /* Hai_JiranApp.swift */,
				91BD36D229AF82C000266F13 /* ViewModel */,
				91BD36D029AF827900266F13 /* Model */,
				91BD36D129AF828200266F13 /* View */,
				912121F629AC686E00F842BD /* Assets.xcassets */,
				912121F829AC686E00F842BD /* Preview Content */,
				91E6FF7A29B26313008CEAEB /* TODO */,
				91CEE45929B3AAD000506BEE /* Info */,
			);
			path = Hai_Jiran;
			sourceTree = "<group>";
		};
		912121F829AC686E00F842BD /* Preview Content */ = {
			isa = PBXGroup;
			children = (
				912121F929AC686E00F842BD /* Preview Assets.xcassets */,
			);
			path = "Preview Content";
			sourceTree = "<group>";
		};
		9135B40229B220C9007CDCAC /* Map */ = {
			isa = PBXGroup;
			children = (
				919F77F029B6D067002D6889 /* aboutResidentView.swift */,
				919F77EE29B6D067002D6889 /* model+SampleData.swift */,
				919F77EF29B6D067002D6889 /* residentDetailView.swift */,
				91BD36CC29AF2AE000266F13 /* MapView.swift */,
			);
			path = Map;
			sourceTree = "<group>";
		};
		9135B40329B220DF007CDCAC /* Services */ = {
			isa = PBXGroup;
			children = (
				919F77EC29B6D04F002D6889 /* UtilitiesView.swift */,
				91C0D66E29B221C800684B97 /* ServiceRow.swift */,
				91C0D67029B221E100684B97 /* ServicesView.swift */,
			);
			path = Services;
			sourceTree = "<group>";
		};
		9135B40429B220ED007CDCAC /* SOS */ = {
			isa = PBXGroup;
			children = (
				91CCD94C29B6CAB600B9C5B1 /* SOSCallView.swift */,
			);
			path = SOS;
			sourceTree = "<group>";
		};
		91BD36D029AF827900266F13 /* Model */ = {
			isa = PBXGroup;
			children = (
				91D4B8E029B1CF9F008BA8AB /* Directions.geojson */,
				91FC9EB029B0787500EF2D31 /* DataModel.swift */,
				919AC14129B4D673000290D1 /* EnvironmentModel.swift */,
			);
			path = Model;
			sourceTree = "<group>";
		};
		91BD36D129AF828200266F13 /* View */ = {
			isa = PBXGroup;
			children = (
				9135B40429B220ED007CDCAC /* SOS */,
				9135B40329B220DF007CDCAC /* Services */,
				9135B40229B220C9007CDCAC /* Map */,
				91BD36D329AF86BE00266F13 /* Home */,
				9121220229AC936000F842BD /* CircleImageView.swift */,
				912121F429AC686E00F842BD /* ContentView.swift */,
				91679B4829AE184800AAF8CB /* ChatRow.swift */,
				9184533829B1E0F200C9D415 /* listOptionMyInfo.swift */,
				9184533E29B1E16100C9D415 /* cameraApp.swift */,
				9184534029B1E18100C9D415 /* imagePicker.swift */,
				916FFF4529B3162B00E85D02 /* LoginView.swift */,
			);
			path = View;
			sourceTree = "<group>";
		};
		91BD36D229AF82C000266F13 /* ViewModel */ = {
			isa = PBXGroup;
			children = (
				91679B4C29AE3A8700AAF8CB /* SelectionPageController.swift */,
				917CC7F529AF012B005A151C /* SlidingTabController.swift */,
			);
			path = ViewModel;
			sourceTree = "<group>";
		};
		91BD36D329AF86BE00266F13 /* Home */ = {
			isa = PBXGroup;
			children = (
				91BD36D629AF872100266F13 /* Info */,
				917CC7F729AF01E6005A151C /* HomeView.swift */,
				916FFF4329B314D300E85D02 /* SplashScreenView.swift */,
				91BD36D429AF86EB00266F13 /* AddInfoButton.swift */,
				9184533A29B1E11C00C9D415 /* listOptionWhatsNew.swift */,
			);
			path = Home;
			sourceTree = "<group>";
		};
		91BD36D629AF872100266F13 /* Info */ = {
			isa = PBXGroup;
			children = (
				9184533629B1E0C200C9D415 /* MakeCallView.swift */,
				919DAE8A29B3012F004C3DED /* AddInfoView.swift */,
				91679B4A29AE1F8100AAF8CB /* InfoListView.swift */,
				91FC9EAC29B04E8400EF2D31 /* UpdateProfileView.swift */,
				91B95D8C29B301CF0014D585 /* EditInfoView.swift */,
				911F912529B636150014DC59 /* ShowInfoView.swift */,
			);
			path = Info;
			sourceTree = "<group>";
		};
/* End PBXGroup section */

/* Begin PBXNativeTarget section */
		912121EE29AC686E00F842BD /* Hai_Jiran */ = {
			isa = PBXNativeTarget;
			buildConfigurationList = 912121FD29AC686E00F842BD /* Build configuration list for PBXNativeTarget "Hai_Jiran" */;
			buildPhases = (
				912121EB29AC686E00F842BD /* Sources */,
				912121EC29AC686E00F842BD /* Frameworks */,
				912121ED29AC686E00F842BD /* Resources */,
			);
			buildRules = (
			);
			dependencies = (
			);
			name = Hai_Jiran;
			productName = Hai_Jiran;
			productReference = 912121EF29AC686E00F842BD /* Hai_Jiran.app */;
			productType = "com.apple.product-type.application";
		};
/* End PBXNativeTarget section */

/* Begin PBXProject section */
		912121E729AC686E00F842BD /* Project object */ = {
			isa = PBXProject;
			attributes = {
				BuildIndependentTargetsInParallel = 1;
				LastSwiftUpdateCheck = 1420;
				LastUpgradeCheck = 1420;
				TargetAttributes = {
					912121EE29AC686E00F842BD = {
						CreatedOnToolsVersion = 14.2;
					};
				};
			};
			buildConfigurationList = 912121EA29AC686E00F842BD /* Build configuration list for PBXProject "Hai_Jiran" */;
			compatibilityVersion = "Xcode 14.0";
			developmentRegion = en;
			hasScannedForEncodings = 0;
			knownRegions = (
				en,
				Base,
			);
			mainGroup = 912121E629AC686E00F842BD;
			productRefGroup = 912121F029AC686E00F842BD /* Products */;
			projectDirPath = "";
			projectRoot = "";
			targets = (
				912121EE29AC686E00F842BD /* Hai_Jiran */,
			);
		};
/* End PBXProject section */

/* Begin PBXResourcesBuildPhase section */
		912121ED29AC686E00F842BD /* Resources */ = {
			isa = PBXResourcesBuildPhase;
			buildActionMask = 2147483647;
			files = (
				91CEE45A29B3AAD000506BEE /* Info in Resources */,
				91E6FF7B29B26313008CEAEB /* TODO in Resources */,
				912121FA29AC686E00F842BD /* Preview Assets.xcassets in Resources */,
				912121F729AC686E00F842BD /* Assets.xcassets in Resources */,
			);
			runOnlyForDeploymentPostprocessing = 0;
		};
/* End PBXResourcesBuildPhase section */

/* Begin PBXSourcesBuildPhase section */
		912121EB29AC686E00F842BD /* Sources */ = {
			isa = PBXSourcesBuildPhase;
			buildActionMask = 2147483647;
			files = (
				919F77F329B6D067002D6889 /* aboutResidentView.swift in Sources */,
				9184534129B1E18100C9D415 /* imagePicker.swift in Sources */,
				917CC7F829AF01E6005A151C /* HomeView.swift in Sources */,
				9184533929B1E0F200C9D415 /* listOptionMyInfo.swift in Sources */,
				912121F529AC686E00F842BD /* ContentView.swift in Sources */,
				919F77F229B6D067002D6889 /* residentDetailView.swift in Sources */,
				917CC7F629AF012B005A151C /* SlidingTabController.swift in Sources */,
				91CCD94D29B6CAB600B9C5B1 /* SOSCallView.swift in Sources */,
				9121220329AC936000F842BD /* CircleImageView.swift in Sources */,
				91679B4D29AE3A8700AAF8CB /* SelectionPageController.swift in Sources */,
				91C0D66F29B221C800684B97 /* ServiceRow.swift in Sources */,
				919F77F129B6D067002D6889 /* model+SampleData.swift in Sources */,
				9184533729B1E0C200C9D415 /* MakeCallView.swift in Sources */,
				9184533B29B1E11C00C9D415 /* listOptionWhatsNew.swift in Sources */,
				91FC9EAD29B04E8400EF2D31 /* UpdateProfileView.swift in Sources */,
				919F77ED29B6D04F002D6889 /* UtilitiesView.swift in Sources */,
				91BD36D529AF86EB00266F13 /* AddInfoButton.swift in Sources */,
				91FC9EB129B0787500EF2D31 /* DataModel.swift in Sources */,
				9184533F29B1E16100C9D415 /* cameraApp.swift in Sources */,
				91679B4B29AE1F8100AAF8CB /* InfoListView.swift in Sources */,
				919DAE8B29B3012F004C3DED /* AddInfoView.swift in Sources */,
				911F912629B636150014DC59 /* ShowInfoView.swift in Sources */,
				916FFF4429B314D300E85D02 /* SplashScreenView.swift in Sources */,
				912121F329AC686E00F842BD /* Hai_JiranApp.swift in Sources */,
				919AC14229B4D673000290D1 /* EnvironmentModel.swift in Sources */,
				916FFF4629B3162B00E85D02 /* LoginView.swift in Sources */,
				91BD36CD29AF2AE000266F13 /* MapView.swift in Sources */,
				91C0D67129B221E100684B97 /* ServicesView.swift in Sources */,
				91B95D8D29B301CF0014D585 /* EditInfoView.swift in Sources */,
				91679B4929AE184800AAF8CB /* ChatRow.swift in Sources */,
			);
			runOnlyForDeploymentPostprocessing = 0;
		};
/* End PBXSourcesBuildPhase section */

/* Begin XCBuildConfiguration section */
		912121FB29AC686E00F842BD /* Debug */ = {
			isa = XCBuildConfiguration;
			buildSettings = {
				ALWAYS_SEARCH_USER_PATHS = NO;
				CLANG_ANALYZER_NONNULL = YES;
				CLANG_ANALYZER_NUMBER_OBJECT_CONVERSION = YES_AGGRESSIVE;
				CLANG_CXX_LANGUAGE_STANDARD = "gnu++20";
				CLANG_ENABLE_MODULES = YES;
				CLANG_ENABLE_OBJC_ARC = YES;
				CLANG_ENABLE_OBJC_WEAK = YES;
				CLANG_WARN_BLOCK_CAPTURE_AUTORELEASING = YES;
				CLANG_WARN_BOOL_CONVERSION = YES;
				CLANG_WARN_COMMA = YES;
				CLANG_WARN_CONSTANT_CONVERSION = YES;
				CLANG_WARN_DEPRECATED_OBJC_IMPLEMENTATIONS = YES;
				CLANG_WARN_DIRECT_OBJC_ISA_USAGE = YES_ERROR;
				CLANG_WARN_DOCUMENTATION_COMMENTS = YES;
				CLANG_WARN_EMPTY_BODY = YES;
				CLANG_WARN_ENUM_CONVERSION = YES;
				CLANG_WARN_INFINITE_RECURSION = YES;
				CLANG_WARN_INT_CONVERSION = YES;
				CLANG_WARN_NON_LITERAL_NULL_CONVERSION = YES;
				CLANG_WARN_OBJC_IMPLICIT_RETAIN_SELF = YES;
				CLANG_WARN_OBJC_LITERAL_CONVERSION = YES;
				CLANG_WARN_OBJC_ROOT_CLASS = YES_ERROR;
				CLANG_WARN_QUOTED_INCLUDE_IN_FRAMEWORK_HEADER = YES;
				CLANG_WARN_RANGE_LOOP_ANALYSIS = YES;
				CLANG_WARN_STRICT_PROTOTYPES = YES;
				CLANG_WARN_SUSPICIOUS_MOVE = YES;
				CLANG_WARN_UNGUARDED_AVAILABILITY = YES_AGGRESSIVE;
				CLANG_WARN_UNREACHABLE_CODE = YES;
				CLANG_WARN__DUPLICATE_METHOD_MATCH = YES;
				COPY_PHASE_STRIP = NO;
				DEBUG_INFORMATION_FORMAT = dwarf;
				ENABLE_STRICT_OBJC_MSGSEND = YES;
				ENABLE_TESTABILITY = YES;
				GCC_C_LANGUAGE_STANDARD = gnu11;
				GCC_DYNAMIC_NO_PIC = NO;
				GCC_NO_COMMON_BLOCKS = YES;
				GCC_OPTIMIZATION_LEVEL = 0;
				GCC_PREPROCESSOR_DEFINITIONS = (
					"DEBUG=1",
					"$(inherited)",
				);
				GCC_WARN_64_TO_32_BIT_CONVERSION = YES;
				GCC_WARN_ABOUT_RETURN_TYPE = YES_ERROR;
				GCC_WARN_UNDECLARED_SELECTOR = YES;
				GCC_WARN_UNINITIALIZED_AUTOS = YES_AGGRESSIVE;
				GCC_WARN_UNUSED_FUNCTION = YES;
				GCC_WARN_UNUSED_VARIABLE = YES;
				IPHONEOS_DEPLOYMENT_TARGET = 16.2;
				MTL_ENABLE_DEBUG_INFO = INCLUDE_SOURCE;
				MTL_FAST_MATH = YES;
				ONLY_ACTIVE_ARCH = YES;
				SDKROOT = iphoneos;
				SWIFT_ACTIVE_COMPILATION_CONDITIONS = DEBUG;
				SWIFT_OPTIMIZATION_LEVEL = "-Onone";
			};
			name = Debug;
		};
		912121FC29AC686E00F842BD /* Release */ = {
			isa = XCBuildConfiguration;
			buildSettings = {
				ALWAYS_SEARCH_USER_PATHS = NO;
				CLANG_ANALYZER_NONNULL = YES;
				CLANG_ANALYZER_NUMBER_OBJECT_CONVERSION = YES_AGGRESSIVE;
				CLANG_CXX_LANGUAGE_STANDARD = "gnu++20";
				CLANG_ENABLE_MODULES = YES;
				CLANG_ENABLE_OBJC_ARC = YES;
				CLANG_ENABLE_OBJC_WEAK = YES;
				CLANG_WARN_BLOCK_CAPTURE_AUTORELEASING = YES;
				CLANG_WARN_BOOL_CONVERSION = YES;
				CLANG_WARN_COMMA = YES;
				CLANG_WARN_CONSTANT_CONVERSION = YES;
				CLANG_WARN_DEPRECATED_OBJC_IMPLEMENTATIONS = YES;
				CLANG_WARN_DIRECT_OBJC_ISA_USAGE = YES_ERROR;
				CLANG_WARN_DOCUMENTATION_COMMENTS = YES;
				CLANG_WARN_EMPTY_BODY = YES;
				CLANG_WARN_ENUM_CONVERSION = YES;
				CLANG_WARN_INFINITE_RECURSION = YES;
				CLANG_WARN_INT_CONVERSION = YES;
				CLANG_WARN_NON_LITERAL_NULL_CONVERSION = YES;
				CLANG_WARN_OBJC_IMPLICIT_RETAIN_SELF = YES;
				CLANG_WARN_OBJC_LITERAL_CONVERSION = YES;
				CLANG_WARN_OBJC_ROOT_CLASS = YES_ERROR;
				CLANG_WARN_QUOTED_INCLUDE_IN_FRAMEWORK_HEADER = YES;
				CLANG_WARN_RANGE_LOOP_ANALYSIS = YES;
				CLANG_WARN_STRICT_PROTOTYPES = YES;
				CLANG_WARN_SUSPICIOUS_MOVE = YES;
				CLANG_WARN_UNGUARDED_AVAILABILITY = YES_AGGRESSIVE;
				CLANG_WARN_UNREACHABLE_CODE = YES;
				CLANG_WARN__DUPLICATE_METHOD_MATCH = YES;
				COPY_PHASE_STRIP = NO;
				DEBUG_INFORMATION_FORMAT = "dwarf-with-dsym";
				ENABLE_NS_ASSERTIONS = NO;
				ENABLE_STRICT_OBJC_MSGSEND = YES;
				GCC_C_LANGUAGE_STANDARD = gnu11;
				GCC_NO_COMMON_BLOCKS = YES;
				GCC_WARN_64_TO_32_BIT_CONVERSION = YES;
				GCC_WARN_ABOUT_RETURN_TYPE = YES_ERROR;
				GCC_WARN_UNDECLARED_SELECTOR = YES;
				GCC_WARN_UNINITIALIZED_AUTOS = YES_AGGRESSIVE;
				GCC_WARN_UNUSED_FUNCTION = YES;
				GCC_WARN_UNUSED_VARIABLE = YES;
				IPHONEOS_DEPLOYMENT_TARGET = 16.2;
				MTL_ENABLE_DEBUG_INFO = NO;
				MTL_FAST_MATH = YES;
				SDKROOT = iphoneos;
				SWIFT_COMPILATION_MODE = wholemodule;
				SWIFT_OPTIMIZATION_LEVEL = "-O";
				VALIDATE_PRODUCT = YES;
			};
			name = Release;
		};
		912121FE29AC686E00F842BD /* Debug */ = {
			isa = XCBuildConfiguration;
			buildSettings = {
				ASSETCATALOG_COMPILER_APPICON_NAME = AppIcon;
				ASSETCATALOG_COMPILER_GLOBAL_ACCENT_COLOR_NAME = AccentColor;
				CODE_SIGN_STYLE = Automatic;
				CURRENT_PROJECT_VERSION = 2.2;
				DEVELOPMENT_ASSET_PATHS = "\"Hai_Jiran/Preview Content\"";
				DEVELOPMENT_TEAM = CF39254865;
				ENABLE_PREVIEWS = YES;
				GENERATE_INFOPLIST_FILE = YES;
				INFOPLIST_KEY_UIApplicationSceneManifest_Generation = YES;
				INFOPLIST_KEY_UIApplicationSupportsIndirectInputEvents = YES;
				INFOPLIST_KEY_UILaunchScreen_Generation = YES;
				INFOPLIST_KEY_UISupportedInterfaceOrientations_iPad = "UIInterfaceOrientationPortrait UIInterfaceOrientationPortraitUpsideDown UIInterfaceOrientationLandscapeLeft UIInterfaceOrientationLandscapeRight";
				INFOPLIST_KEY_UISupportedInterfaceOrientations_iPhone = "UIInterfaceOrientationPortrait UIInterfaceOrientationLandscapeLeft UIInterfaceOrientationLandscapeRight";
				LD_RUNPATH_SEARCH_PATHS = (
					"$(inherited)",
					"@executable_path/Frameworks",
				);
				MARKETING_VERSION = 2.2;
				PRODUCT_BUNDLE_IDENTIFIER = "com.Hi5.Hai-Jiran";
				PRODUCT_NAME = "$(TARGET_NAME)";
				SWIFT_EMIT_LOC_STRINGS = YES;
				SWIFT_VERSION = 5.0;
				TARGETED_DEVICE_FAMILY = "1,2";
			};
			name = Debug;
		};
		912121FF29AC686E00F842BD /* Release */ = {
			isa = XCBuildConfiguration;
			buildSettings = {
				ASSETCATALOG_COMPILER_APPICON_NAME = AppIcon;
				ASSETCATALOG_COMPILER_GLOBAL_ACCENT_COLOR_NAME = AccentColor;
				CODE_SIGN_STYLE = Automatic;
				CURRENT_PROJECT_VERSION = 2.2;
				DEVELOPMENT_ASSET_PATHS = "\"Hai_Jiran/Preview Content\"";
				DEVELOPMENT_TEAM = CF39254865;
				ENABLE_PREVIEWS = YES;
				GENERATE_INFOPLIST_FILE = YES;
				INFOPLIST_KEY_UIApplicationSceneManifest_Generation = YES;
				INFOPLIST_KEY_UIApplicationSupportsIndirectInputEvents = YES;
				INFOPLIST_KEY_UILaunchScreen_Generation = YES;
				INFOPLIST_KEY_UISupportedInterfaceOrientations_iPad = "UIInterfaceOrientationPortrait UIInterfaceOrientationPortraitUpsideDown UIInterfaceOrientationLandscapeLeft UIInterfaceOrientationLandscapeRight";
				INFOPLIST_KEY_UISupportedInterfaceOrientations_iPhone = "UIInterfaceOrientationPortrait UIInterfaceOrientationLandscapeLeft UIInterfaceOrientationLandscapeRight";
				LD_RUNPATH_SEARCH_PATHS = (
					"$(inherited)",
					"@executable_path/Frameworks",
				);
				MARKETING_VERSION = 2.2;
				PRODUCT_BUNDLE_IDENTIFIER = "com.Hi5.Hai-Jiran";
				PRODUCT_NAME = "$(TARGET_NAME)";
				SWIFT_EMIT_LOC_STRINGS = YES;
				SWIFT_VERSION = 5.0;
				TARGETED_DEVICE_FAMILY = "1,2";
			};
			name = Release;
		};
/* End XCBuildConfiguration section */

/* Begin XCConfigurationList section */
		912121EA29AC686E00F842BD /* Build configuration list for PBXProject "Hai_Jiran" */ = {
			isa = XCConfigurationList;
			buildConfigurations = (
				912121FB29AC686E00F842BD /* Debug */,
				912121FC29AC686E00F842BD /* Release */,
			);
			defaultConfigurationIsVisible = 0;
			defaultConfigurationName = Release;
		};
		912121FD29AC686E00F842BD /* Build configuration list for PBXNativeTarget "Hai_Jiran" */ = {
			isa = XCConfigurationList;
			buildConfigurations = (
				912121FE29AC686E00F842BD /* Debug */,
				912121FF29AC686E00F842BD /* Release */,
			);
			defaultConfigurationIsVisible = 0;
			defaultConfigurationName = Release;
		};
/* End XCConfigurationList section */
	};
	rootObject = 912121E729AC686E00F842BD /* Project object */;
}
